
Microsoft Visual Studio Solution File, Format Version 12.00
# Visual Studio Version 17
VisualStudioVersion = 17.9.34607.119
MinimumVisualStudioVersion = 10.0.40219.1
Project("{FAE04EC0-301F-11D3-BF4B-00C04F79EFBC}") = "CuboPrismaa", "CuboPrismaa\CuboPrismaa.csproj", "{78B79B24-C549-49DA-B72E-33C3206C1AA3}"
EndProject
Global
	GlobalSection(SolutionConfigurationPlatforms) = preSolution
		Debug|Any CPU = Debug|Any CPU
		Release|Any CPU = Release|Any CPU
	EndGlobalSection
	GlobalSection(ProjectConfigurationPlatforms) = postSolution
		{78B79B24-C549-49DA-B72E-33C3206C1AA3}.Debug|Any CPU.ActiveCfg = Debug|Any CPU
		{78B79B24-C549-49DA-B72E-33C3206C1AA3}.Debug|Any CPU.Build.0 = Debug|Any CPU
		{78B79B24-C549-49DA-B72E-33C3206C1AA3}.Release|Any CPU.ActiveCfg = Release|Any CPU
		{78B79B24-C549-49DA-B72E-33C3206C1AA3}.Release|Any CPU.Build.0 = Release|Any CPU
	EndGlobalSection
	GlobalSection(SolutionProperties) = preSolution
		HideSolutionNode = FALSE
	EndGlobalSection
	GlobalSection(ExtensibilityGlobals) = postSolution
		SolutionGuid = {9DCEF3D7-281B-4AA9-9E11-CED7401C9B7B}
	EndGlobalSection
EndGlobal
