
Microsoft Visual Studio Solution File, Format Version 12.00
# Visual Studio Version 17
VisualStudioVersion = 17.9.34607.119
MinimumVisualStudioVersion = 10.0.40219.1
Project("{FAE04EC0-301F-11D3-BF4B-00C04F79EFBC}") = "farmaciaProgra", "farmaciaProgra\farmaciaProgra.csproj", "{FB2C4609-ADD5-4034-97D2-C36AE903E471}"
EndProject
Global
	GlobalSection(SolutionConfigurationPlatforms) = preSolution
		Debug|Any CPU = Debug|Any CPU
		Release|Any CPU = Release|Any CPU
	EndGlobalSection
	GlobalSection(ProjectConfigurationPlatforms) = postSolution
		{FB2C4609-ADD5-4034-97D2-C36AE903E471}.Debug|Any CPU.ActiveCfg = Debug|Any CPU
		{FB2C4609-ADD5-4034-97D2-C36AE903E471}.Debug|Any CPU.Build.0 = Debug|Any CPU
		{FB2C4609-ADD5-4034-97D2-C36AE903E471}.Release|Any CPU.ActiveCfg = Release|Any CPU
		{FB2C4609-ADD5-4034-97D2-C36AE903E471}.Release|Any CPU.Build.0 = Release|Any CPU
	EndGlobalSection
	GlobalSection(SolutionProperties) = preSolution
		HideSolutionNode = FALSE
	EndGlobalSection
	GlobalSection(ExtensibilityGlobals) = postSolution
		SolutionGuid = {F39ABE5A-3A83-4C79-85D5-D15E2364729E}
	EndGlobalSection
EndGlobal
