
Microsoft Visual Studio Solution File, Format Version 12.00
# Visual Studio Version 17
VisualStudioVersion = 17.9.34607.119
MinimumVisualStudioVersion = 10.0.40219.1
Project("{FAE04EC0-301F-11D3-BF4B-00C04F79EFBC}") = "numeroPrimo", "numeroPrimo\numeroPrimo.csproj", "{B8F79F00-02F7-422A-8054-5484A4860429}"
EndProject
Global
	GlobalSection(SolutionConfigurationPlatforms) = preSolution
		Debug|Any CPU = Debug|Any CPU
		Release|Any CPU = Release|Any CPU
	EndGlobalSection
	GlobalSection(ProjectConfigurationPlatforms) = postSolution
		{B8F79F00-02F7-422A-8054-5484A4860429}.Debug|Any CPU.ActiveCfg = Debug|Any CPU
		{B8F79F00-02F7-422A-8054-5484A4860429}.Debug|Any CPU.Build.0 = Debug|Any CPU
		{B8F79F00-02F7-422A-8054-5484A4860429}.Release|Any CPU.ActiveCfg = Release|Any CPU
		{B8F79F00-02F7-422A-8054-5484A4860429}.Release|Any CPU.Build.0 = Release|Any CPU
	EndGlobalSection
	GlobalSection(SolutionProperties) = preSolution
		HideSolutionNode = FALSE
	EndGlobalSection
	GlobalSection(ExtensibilityGlobals) = postSolution
		SolutionGuid = {605737EC-9D82-4259-B0E1-8DEA904ACFBB}
	EndGlobalSection
EndGlobal
