
Microsoft Visual Studio Solution File, Format Version 12.00
# Visual Studio Version 17
VisualStudioVersion = 17.9.34607.119
MinimumVisualStudioVersion = 10.0.40219.1
Project("{FAE04EC0-301F-11D3-BF4B-00C04F79EFBC}") = "enterosDife", "enterosDife\enterosDife.csproj", "{06E8C766-63A9-4BDA-A4C3-37C1663BB4A6}"
EndProject
Global
	GlobalSection(SolutionConfigurationPlatforms) = preSolution
		Debug|Any CPU = Debug|Any CPU
		Release|Any CPU = Release|Any CPU
	EndGlobalSection
	GlobalSection(ProjectConfigurationPlatforms) = postSolution
		{06E8C766-63A9-4BDA-A4C3-37C1663BB4A6}.Debug|Any CPU.ActiveCfg = Debug|Any CPU
		{06E8C766-63A9-4BDA-A4C3-37C1663BB4A6}.Debug|Any CPU.Build.0 = Debug|Any CPU
		{06E8C766-63A9-4BDA-A4C3-37C1663BB4A6}.Release|Any CPU.ActiveCfg = Release|Any CPU
		{06E8C766-63A9-4BDA-A4C3-37C1663BB4A6}.Release|Any CPU.Build.0 = Release|Any CPU
	EndGlobalSection
	GlobalSection(SolutionProperties) = preSolution
		HideSolutionNode = FALSE
	EndGlobalSection
	GlobalSection(ExtensibilityGlobals) = postSolution
		SolutionGuid = {EF54D5BB-FFCA-4F7A-98B4-5496B1EE57EA}
	EndGlobalSection
EndGlobal
