
Microsoft Visual Studio Solution File, Format Version 12.00
# Visual Studio Version 17
VisualStudioVersion = 17.9.34607.119
MinimumVisualStudioVersion = 10.0.40219.1
Project("{FAE04EC0-301F-11D3-BF4B-00C04F79EFBC}") = "MatrizSuma", "MatrizSuma\MatrizSuma.csproj", "{073152AD-8F27-4F3E-A801-EA85E53B9960}"
EndProject
Global
	GlobalSection(SolutionConfigurationPlatforms) = preSolution
		Debug|Any CPU = Debug|Any CPU
		Release|Any CPU = Release|Any CPU
	EndGlobalSection
	GlobalSection(ProjectConfigurationPlatforms) = postSolution
		{073152AD-8F27-4F3E-A801-EA85E53B9960}.Debug|Any CPU.ActiveCfg = Debug|Any CPU
		{073152AD-8F27-4F3E-A801-EA85E53B9960}.Debug|Any CPU.Build.0 = Debug|Any CPU
		{073152AD-8F27-4F3E-A801-EA85E53B9960}.Release|Any CPU.ActiveCfg = Release|Any CPU
		{073152AD-8F27-4F3E-A801-EA85E53B9960}.Release|Any CPU.Build.0 = Release|Any CPU
	EndGlobalSection
	GlobalSection(SolutionProperties) = preSolution
		HideSolutionNode = FALSE
	EndGlobalSection
	GlobalSection(ExtensibilityGlobals) = postSolution
		SolutionGuid = {265232A7-C6DF-45DB-A1CB-F03E78A3B0B9}
	EndGlobalSection
EndGlobal
